
Microsoft Visual Studio Solution File, Format Version 11.00
# Visual Studio 2010
Project("{FAE04EC0-301F-11D3-BF4B-00C04F79EFBC}") = "Assembly-CSharp", "Assembly-CSharp.csproj", "{b39460d8-103c-a37b-588b-5b6db0c3f7f9}"
EndProject
Project("{FAE04EC0-301F-11D3-BF4B-00C04F79EFBC}") = "Unity.2D.Tilemap.Extras", "Unity.2D.Tilemap.Extras.csproj", "{8520f817-7551-ef4c-c8bb-6e76ec00ecf9}"
EndProject
Project("{FAE04EC0-301F-11D3-BF4B-00C04F79EFBC}") = "Assembly-CSharp-Editor", "Assembly-CSharp-Editor.csproj", "{dad8bb91-7641-1ce3-78ac-eb0d216ab025}"
EndProject
Project("{FAE04EC0-301F-11D3-BF4B-00C04F79EFBC}") = "Unity.2D.Tilemap.Extras.Editor", "Unity.2D.Tilemap.Extras.Editor.csproj", "{ff99f643-0d1f-d78c-ad0c-c548f808a125}"
EndProject
Project("{FAE04EC0-301F-11D3-BF4B-00C04F79EFBC}") = "Unity.2D.Tilemap.Extras.Placeholder.EditorTests", "Unity.2D.Tilemap.Extras.Placeholder.EditorTests.csproj", "{b83904d8-cf1d-9d48-8603-541dc99355d1}"
EndProject
Global
	GlobalSection(SolutionConfigurationPlatforms) = preSolution
		Debug|Any CPU = Debug|Any CPU
		Release|Any CPU = Release|Any CPU
	EndGlobalSection
	GlobalSection(ProjectConfigurationPlatforms) = postSolution
		{b39460d8-103c-a37b-588b-5b6db0c3f7f9}.Debug|Any CPU.ActiveCfg = Debug|Any CPU
		{b39460d8-103c-a37b-588b-5b6db0c3f7f9}.Debug|Any CPU.Build.0 = Debug|Any CPU
		{b39460d8-103c-a37b-588b-5b6db0c3f7f9}.Release|Any CPU.ActiveCfg = Release|Any CPU
		{b39460d8-103c-a37b-588b-5b6db0c3f7f9}.Release|Any CPU.Build.0 = Release|Any CPU
		{8520f817-7551-ef4c-c8bb-6e76ec00ecf9}.Debug|Any CPU.ActiveCfg = Debug|Any CPU
		{8520f817-7551-ef4c-c8bb-6e76ec00ecf9}.Debug|Any CPU.Build.0 = Debug|Any CPU
		{8520f817-7551-ef4c-c8bb-6e76ec00ecf9}.Release|Any CPU.ActiveCfg = Release|Any CPU
		{8520f817-7551-ef4c-c8bb-6e76ec00ecf9}.Release|Any CPU.Build.0 = Release|Any CPU
		{dad8bb91-7641-1ce3-78ac-eb0d216ab025}.Debug|Any CPU.ActiveCfg = Debug|Any CPU
		{dad8bb91-7641-1ce3-78ac-eb0d216ab025}.Debug|Any CPU.Build.0 = Debug|Any CPU
		{dad8bb91-7641-1ce3-78ac-eb0d216ab025}.Release|Any CPU.ActiveCfg = Release|Any CPU
		{dad8bb91-7641-1ce3-78ac-eb0d216ab025}.Release|Any CPU.Build.0 = Release|Any CPU
		{ff99f643-0d1f-d78c-ad0c-c548f808a125}.Debug|Any CPU.ActiveCfg = Debug|Any CPU
		{ff99f643-0d1f-d78c-ad0c-c548f808a125}.Debug|Any CPU.Build.0 = Debug|Any CPU
		{ff99f643-0d1f-d78c-ad0c-c548f808a125}.Release|Any CPU.ActiveCfg = Release|Any CPU
		{ff99f643-0d1f-d78c-ad0c-c548f808a125}.Release|Any CPU.Build.0 = Release|Any CPU
		{b83904d8-cf1d-9d48-8603-541dc99355d1}.Debug|Any CPU.ActiveCfg = Debug|Any CPU
		{b83904d8-cf1d-9d48-8603-541dc99355d1}.Debug|Any CPU.Build.0 = Debug|Any CPU
		{b83904d8-cf1d-9d48-8603-541dc99355d1}.Release|Any CPU.ActiveCfg = Release|Any CPU
		{b83904d8-cf1d-9d48-8603-541dc99355d1}.Release|Any CPU.Build.0 = Release|Any CPU
	EndGlobalSection
	GlobalSection(SolutionProperties) = preSolution
		HideSolutionNode = FALSE
	EndGlobalSection
EndGlobal
