
Microsoft Visual Studio Solution File, Format Version 11.00
# Visual Studio 2010
Project("{FAE04EC0-301F-11D3-BF4B-00C04F79EFBC}") = "Assembly-CSharp", "Assembly-CSharp.csproj", "{b39460d8-103c-a37b-588b-5b6db0c3f7f9}"
EndProject
Project("{FAE04EC0-301F-11D3-BF4B-00C04F79EFBC}") = "Assembly-CSharp-Editor", "Assembly-CSharp-Editor.csproj", "{dad8bb91-7641-1ce3-78ac-eb0d216ab025}"
EndProject
Global
	GlobalSection(SolutionConfigurationPlatforms) = preSolution
		Debug|Any CPU = Debug|Any CPU
		Release|Any CPU = Release|Any CPU
	EndGlobalSection
	GlobalSection(ProjectConfigurationPlatforms) = postSolution
		{b39460d8-103c-a37b-588b-5b6db0c3f7f9}.Debug|Any CPU.ActiveCfg = Debug|Any CPU
		{b39460d8-103c-a37b-588b-5b6db0c3f7f9}.Debug|Any CPU.Build.0 = Debug|Any CPU
		{b39460d8-103c-a37b-588b-5b6db0c3f7f9}.Release|Any CPU.ActiveCfg = Release|Any CPU
		{b39460d8-103c-a37b-588b-5b6db0c3f7f9}.Release|Any CPU.Build.0 = Release|Any CPU
		{dad8bb91-7641-1ce3-78ac-eb0d216ab025}.Debug|Any CPU.ActiveCfg = Debug|Any CPU
		{dad8bb91-7641-1ce3-78ac-eb0d216ab025}.Debug|Any CPU.Build.0 = Debug|Any CPU
		{dad8bb91-7641-1ce3-78ac-eb0d216ab025}.Release|Any CPU.ActiveCfg = Release|Any CPU
		{dad8bb91-7641-1ce3-78ac-eb0d216ab025}.Release|Any CPU.Build.0 = Release|Any CPU
	EndGlobalSection
	GlobalSection(SolutionProperties) = preSolution
		HideSolutionNode = FALSE
	EndGlobalSection
EndGlobal
